// !$*UTF8*$!
{
	archiveVersion = 1;
	classes = {
	};
	objectVersion = 50;
	objects = {

/* Begin PBXBuildFile section */
		AC015ACC241AC7300059CBA5 /* TableViewCell.swift in Sources */ = {isa = PBXBuildFile; fileRef = AC015ACB241AC7300059CBA5 /* TableViewCell.swift */; };
		AC0851482419B8CC003EC762 /* HistoryTableViewController.swift in Sources */ = {isa = PBXBuildFile; fileRef = AC0851472419B8CC003EC762 /* HistoryTableViewController.swift */; };
		AC2FEF08241837C600E97415 /* AppDelegate.swift in Sources */ = {isa = PBXBuildFile; fileRef = AC2FEF07241837C600E97415 /* AppDelegate.swift */; };
		AC2FEF0A241837C600E97415 /* SceneDelegate.swift in Sources */ = {isa = PBXBuildFile; fileRef = AC2FEF09241837C600E97415 /* SceneDelegate.swift */; };
		AC2FEF0C241837C600E97415 /* InteractionViewController.swift in Sources */ = {isa = PBXBuildFile; fileRef = AC2FEF0B241837C600E97415 /* InteractionViewController.swift */; };
		AC2FEF0F241837C600E97415 /* Main.storyboard in Resources */ = {isa = PBXBuildFile; fileRef = AC2FEF0D241837C600E97415 /* Main.storyboard */; };
		AC2FEF11241837C700E97415 /* Assets.xcassets in Resources */ = {isa = PBXBuildFile; fileRef = AC2FEF10241837C700E97415 /* Assets.xcassets */; };
		AC2FEF14241837C700E97415 /* LaunchScreen.storyboard in Resources */ = {isa = PBXBuildFile; fileRef = AC2FEF12241837C700E97415 /* LaunchScreen.storyboard */; };
		AC2FEF1C24183A0B00E97415 /* Shrdlu.swift in Sources */ = {isa = PBXBuildFile; fileRef = AC2FEF1B24183A0B00E97415 /* Shrdlu.swift */; };
/* End PBXBuildFile section */

/* Begin PBXFileReference section */
		AC015ACB241AC7300059CBA5 /* TableViewCell.swift */ = {isa = PBXFileReference; lastKnownFileType = sourcecode.swift; path = TableViewCell.swift; sourceTree = "<group>"; };
		AC0851472419B8CC003EC762 /* HistoryTableViewController.swift */ = {isa = PBXFileReference; lastKnownFileType = sourcecode.swift; path = HistoryTableViewController.swift; sourceTree = "<group>"; };
		AC2FEF04241837C600E97415 /* Shrdlu.app */ = {isa = PBXFileReference; explicitFileType = wrapper.application; includeInIndex = 0; path = Shrdlu.app; sourceTree = BUILT_PRODUCTS_DIR; };
		AC2FEF07241837C600E97415 /* AppDelegate.swift */ = {isa = PBXFileReference; lastKnownFileType = sourcecode.swift; path = AppDelegate.swift; sourceTree = "<group>"; };
		AC2FEF09241837C600E97415 /* SceneDelegate.swift */ = {isa = PBXFileReference; lastKnownFileType = sourcecode.swift; path = SceneDelegate.swift; sourceTree = "<group>"; };
		AC2FEF0B241837C600E97415 /* InteractionViewController.swift */ = {isa = PBXFileReference; lastKnownFileType = sourcecode.swift; path = InteractionViewController.swift; sourceTree = "<group>"; };
		AC2FEF0E241837C600E97415 /* Base */ = {isa = PBXFileReference; lastKnownFileType = file.storyboard; name = Base; path = Base.lproj/Main.storyboard; sourceTree = "<group>"; };
		AC2FEF10241837C700E97415 /* Assets.xcassets */ = {isa = PBXFileReference; lastKnownFileType = folder.assetcatalog; path = Assets.xcassets; sourceTree = "<group>"; };
		AC2FEF13241837C700E97415 /* Base */ = {isa = PBXFileReference; lastKnownFileType = file.storyboard; name = Base; path = Base.lproj/LaunchScreen.storyboard; sourceTree = "<group>"; };
		AC2FEF15241837C700E97415 /* Info.plist */ = {isa = PBXFileReference; lastKnownFileType = text.plist.xml; path = Info.plist; sourceTree = "<group>"; };
		AC2FEF1B24183A0B00E97415 /* Shrdlu.swift */ = {isa = PBXFileReference; lastKnownFileType = sourcecode.swift; path = Shrdlu.swift; sourceTree = "<group>"; };
/* End PBXFileReference section */

/* Begin PBXFrameworksBuildPhase section */
		AC2FEF01241837C600E97415 /* Frameworks */ = {
			isa = PBXFrameworksBuildPhase;
			buildActionMask = 2147483647;
			files = (
			);
			runOnlyForDeploymentPostprocessing = 0;
		};
/* End PBXFrameworksBuildPhase section */

/* Begin PBXGroup section */
		AC2FEEFB241837C600E97415 = {
			isa = PBXGroup;
			children = (
				AC2FEF06241837C600E97415 /* Shrdlu */,
				AC2FEF05241837C600E97415 /* Products */,
			);
			sourceTree = "<group>";
		};
		AC2FEF05241837C600E97415 /* Products */ = {
			isa = PBXGroup;
			children = (
				AC2FEF04241837C600E97415 /* Shrdlu.app */,
			);
			name = Products;
			sourceTree = "<group>";
		};
		AC2FEF06241837C600E97415 /* Shrdlu */ = {
			isa = PBXGroup;
			children = (
				AC0851472419B8CC003EC762 /* HistoryTableViewController.swift */,
				AC2FEF07241837C600E97415 /* AppDelegate.swift */,
				AC2FEF09241837C600E97415 /* SceneDelegate.swift */,
				AC2FEF0B241837C600E97415 /* InteractionViewController.swift */,
				AC015ACB241AC7300059CBA5 /* TableViewCell.swift */,
				AC2FEF0D241837C600E97415 /* Main.storyboard */,
				AC2FEF1B24183A0B00E97415 /* Shrdlu.swift */,
				AC2FEF10241837C700E97415 /* Assets.xcassets */,
				AC2FEF12241837C700E97415 /* LaunchScreen.storyboard */,
				AC2FEF15241837C700E97415 /* Info.plist */,
			);
			path = Shrdlu;
			sourceTree = "<group>";
		};
/* End PBXGroup section */

/* Begin PBXNativeTarget section */
		AC2FEF03241837C600E97415 /* Shrdlu */ = {
			isa = PBXNativeTarget;
			buildConfigurationList = AC2FEF18241837C700E97415 /* Build configuration list for PBXNativeTarget "Shrdlu" */;
			buildPhases = (
				AC2FEF00241837C600E97415 /* Sources */,
				AC2FEF01241837C600E97415 /* Frameworks */,
				AC2FEF02241837C600E97415 /* Resources */,
			);
			buildRules = (
			);
			dependencies = (
			);
			name = Shrdlu;
			productName = Shrdku;
			productReference = AC2FEF04241837C600E97415 /* Shrdlu.app */;
			productType = "com.apple.product-type.application";
		};
/* End PBXNativeTarget section */

/* Begin PBXProject section */
		AC2FEEFC241837C600E97415 /* Project object */ = {
			isa = PBXProject;
			attributes = {
				LastSwiftUpdateCheck = 1130;
				LastUpgradeCheck = 1130;
				ORGANIZATIONNAME = "C323 / Spring 2020";
				TargetAttributes = {
					AC2FEF03241837C600E97415 = {
						CreatedOnToolsVersion = 11.3.1;
					};
				};
			};
			buildConfigurationList = AC2FEEFF241837C600E97415 /* Build configuration list for PBXProject "Shrdlu" */;
			compatibilityVersion = "Xcode 9.3";
			developmentRegion = en;
			hasScannedForEncodings = 0;
			knownRegions = (
				en,
				Base,
			);
			mainGroup = AC2FEEFB241837C600E97415;
			productRefGroup = AC2FEF05241837C600E97415 /* Products */;
			projectDirPath = "";
			projectRoot = "";
			targets = (
				AC2FEF03241837C600E97415 /* Shrdlu */,
			);
		};
/* End PBXProject section */

/* Begin PBXResourcesBuildPhase section */
		AC2FEF02241837C600E97415 /* Resources */ = {
			isa = PBXResourcesBuildPhase;
			buildActionMask = 2147483647;
			files = (
				AC2FEF14241837C700E97415 /* LaunchScreen.storyboard in Resources */,
				AC2FEF11241837C700E97415 /* Assets.xcassets in Resources */,
				AC2FEF0F241837C600E97415 /* Main.storyboard in Resources */,
			);
			runOnlyForDeploymentPostprocessing = 0;
		};
/* End PBXResourcesBuildPhase section */

/* Begin PBXSourcesBuildPhase section */
		AC2FEF00241837C600E97415 /* Sources */ = {
			isa = PBXSourcesBuildPhase;
			buildActionMask = 2147483647;
			files = (
				AC2FEF0C241837C600E97415 /* InteractionViewController.swift in Sources */,
				AC2FEF1C24183A0B00E97415 /* Shrdlu.swift in Sources */,
				AC2FEF08241837C600E97415 /* AppDelegate.swift in Sources */,
				AC015ACC241AC7300059CBA5 /* TableViewCell.swift in Sources */,
				AC2FEF0A241837C600E97415 /* SceneDelegate.swift in Sources */,
				AC0851482419B8CC003EC762 /* HistoryTableViewController.swift in Sources */,
			);
			runOnlyForDeploymentPostprocessing = 0;
		};
/* End PBXSourcesBuildPhase section */

/* Begin PBXVariantGroup section */
		AC2FEF0D241837C600E97415 /* Main.storyboard */ = {
			isa = PBXVariantGroup;
			children = (
				AC2FEF0E241837C600E97415 /* Base */,
			);
			name = Main.storyboard;
			sourceTree = "<group>";
		};
		AC2FEF12241837C700E97415 /* LaunchScreen.storyboard */ = {
			isa = PBXVariantGroup;
			children = (
				AC2FEF13241837C700E97415 /* Base */,
			);
			name = LaunchScreen.storyboard;
			sourceTree = "<group>";
		};
/* End PBXVariantGroup section */

/* Begin XCBuildConfiguration section */
		AC2FEF16241837C700E97415 /* Debug */ = {
			isa = XCBuildConfiguration;
			buildSettings = {
				ALWAYS_SEARCH_USER_PATHS = NO;
				CLANG_ANALYZER_NONNULL = YES;
				CLANG_ANALYZER_NUMBER_OBJECT_CONVERSION = YES_AGGRESSIVE;
				CLANG_CXX_LANGUAGE_STANDARD = "gnu++14";
				CLANG_CXX_LIBRARY = "libc++";
				CLANG_ENABLE_MODULES = YES;
				CLANG_ENABLE_OBJC_ARC = YES;
				CLANG_ENABLE_OBJC_WEAK = YES;
				CLANG_WARN_BLOCK_CAPTURE_AUTORELEASING = YES;
				CLANG_WARN_BOOL_CONVERSION = YES;
				CLANG_WARN_COMMA = YES;
				CLANG_WARN_CONSTANT_CONVERSION = YES;
				CLANG_WARN_DEPRECATED_OBJC_IMPLEMENTATIONS = YES;
				CLANG_WARN_DIRECT_OBJC_ISA_USAGE = YES_ERROR;
				CLANG_WARN_DOCUMENTATION_COMMENTS = YES;
				CLANG_WARN_EMPTY_BODY = YES;
				CLANG_WARN_ENUM_CONVERSION = YES;
				CLANG_WARN_INFINITE_RECURSION = YES;
				CLANG_WARN_INT_CONVERSION = YES;
				CLANG_WARN_NON_LITERAL_NULL_CONVERSION = YES;
				CLANG_WARN_OBJC_IMPLICIT_RETAIN_SELF = YES;
				CLANG_WARN_OBJC_LITERAL_CONVERSION = YES;
				CLANG_WARN_OBJC_ROOT_CLASS = YES_ERROR;
				CLANG_WARN_RANGE_LOOP_ANALYSIS = YES;
				CLANG_WARN_STRICT_PROTOTYPES = YES;
				CLANG_WARN_SUSPICIOUS_MOVE = YES;
				CLANG_WARN_UNGUARDED_AVAILABILITY = YES_AGGRESSIVE;
				CLANG_WARN_UNREACHABLE_CODE = YES;
				CLANG_WARN__DUPLICATE_METHOD_MATCH = YES;
				COPY_PHASE_STRIP = NO;
				DEBUG_INFORMATION_FORMAT = dwarf;
				ENABLE_STRICT_OBJC_MSGSEND = YES;
				ENABLE_TESTABILITY = YES;
				GCC_C_LANGUAGE_STANDARD = gnu11;
				GCC_DYNAMIC_NO_PIC = NO;
				GCC_NO_COMMON_BLOCKS = YES;
				GCC_OPTIMIZATION_LEVEL = 0;
				GCC_PREPROCESSOR_DEFINITIONS = (
					"DEBUG=1",
					"$(inherited)",
				);
				GCC_WARN_64_TO_32_BIT_CONVERSION = YES;
				GCC_WARN_ABOUT_RETURN_TYPE = YES_ERROR;
				GCC_WARN_UNDECLARED_SELECTOR = YES;
				GCC_WARN_UNINITIALIZED_AUTOS = YES_AGGRESSIVE;
				GCC_WARN_UNUSED_FUNCTION = YES;
				GCC_WARN_UNUSED_VARIABLE = YES;
				IPHONEOS_DEPLOYMENT_TARGET = 13.2;
				MTL_ENABLE_DEBUG_INFO = INCLUDE_SOURCE;
				MTL_FAST_MATH = YES;
				ONLY_ACTIVE_ARCH = YES;
				SDKROOT = iphoneos;
				SWIFT_ACTIVE_COMPILATION_CONDITIONS = DEBUG;
				SWIFT_OPTIMIZATION_LEVEL = "-Onone";
			};
			name = Debug;
		};
		AC2FEF17241837C700E97415 /* Release */ = {
			isa = XCBuildConfiguration;
			buildSettings = {
				ALWAYS_SEARCH_USER_PATHS = NO;
				CLANG_ANALYZER_NONNULL = YES;
				CLANG_ANALYZER_NUMBER_OBJECT_CONVERSION = YES_AGGRESSIVE;
				CLANG_CXX_LANGUAGE_STANDARD = "gnu++14";
				CLANG_CXX_LIBRARY = "libc++";
				CLANG_ENABLE_MODULES = YES;
				CLANG_ENABLE_OBJC_ARC = YES;
				CLANG_ENABLE_OBJC_WEAK = YES;
				CLANG_WARN_BLOCK_CAPTURE_AUTORELEASING = YES;
				CLANG_WARN_BOOL_CONVERSION = YES;
				CLANG_WARN_COMMA = YES;
				CLANG_WARN_CONSTANT_CONVERSION = YES;
				CLANG_WARN_DEPRECATED_OBJC_IMPLEMENTATIONS = YES;
				CLANG_WARN_DIRECT_OBJC_ISA_USAGE = YES_ERROR;
				CLANG_WARN_DOCUMENTATION_COMMENTS = YES;
				CLANG_WARN_EMPTY_BODY = YES;
				CLANG_WARN_ENUM_CONVERSION = YES;
				CLANG_WARN_INFINITE_RECURSION = YES;
				CLANG_WARN_INT_CONVERSION = YES;
				CLANG_WARN_NON_LITERAL_NULL_CONVERSION = YES;
				CLANG_WARN_OBJC_IMPLICIT_RETAIN_SELF = YES;
				CLANG_WARN_OBJC_LITERAL_CONVERSION = YES;
				CLANG_WARN_OBJC_ROOT_CLASS = YES_ERROR;
				CLANG_WARN_RANGE_LOOP_ANALYSIS = YES;
				CLANG_WARN_STRICT_PROTOTYPES = YES;
				CLANG_WARN_SUSPICIOUS_MOVE = YES;
				CLANG_WARN_UNGUARDED_AVAILABILITY = YES_AGGRESSIVE;
				CLANG_WARN_UNREACHABLE_CODE = YES;
				CLANG_WARN__DUPLICATE_METHOD_MATCH = YES;
				COPY_PHASE_STRIP = NO;
				DEBUG_INFORMATION_FORMAT = "dwarf-with-dsym";
				ENABLE_NS_ASSERTIONS = NO;
				ENABLE_STRICT_OBJC_MSGSEND = YES;
				GCC_C_LANGUAGE_STANDARD = gnu11;
				GCC_NO_COMMON_BLOCKS = YES;
				GCC_WARN_64_TO_32_BIT_CONVERSION = YES;
				GCC_WARN_ABOUT_RETURN_TYPE = YES_ERROR;
				GCC_WARN_UNDECLARED_SELECTOR = YES;
				GCC_WARN_UNINITIALIZED_AUTOS = YES_AGGRESSIVE;
				GCC_WARN_UNUSED_FUNCTION = YES;
				GCC_WARN_UNUSED_VARIABLE = YES;
				IPHONEOS_DEPLOYMENT_TARGET = 13.2;
				MTL_ENABLE_DEBUG_INFO = NO;
				MTL_FAST_MATH = YES;
				SDKROOT = iphoneos;
				SWIFT_COMPILATION_MODE = wholemodule;
				SWIFT_OPTIMIZATION_LEVEL = "-O";
				VALIDATE_PRODUCT = YES;
			};
			name = Release;
		};
		AC2FEF19241837C700E97415 /* Debug */ = {
			isa = XCBuildConfiguration;
			buildSettings = {
				ASSETCATALOG_COMPILER_APPICON_NAME = AppIcon;
				CODE_SIGN_STYLE = Automatic;
				INFOPLIST_FILE = Shrdlu/Info.plist;
				LD_RUNPATH_SEARCH_PATHS = (
					"$(inherited)",
					"@executable_path/Frameworks",
				);
				PRODUCT_BUNDLE_IDENTIFIER = "edu.indiana.cs.c323-shpark92.Shrdlu";
				PRODUCT_NAME = Shrdlu;
				SWIFT_VERSION = 5.0;
				TARGETED_DEVICE_FAMILY = "1,2";
			};
			name = Debug;
		};
		AC2FEF1A241837C700E97415 /* Release */ = {
			isa = XCBuildConfiguration;
			buildSettings = {
				ASSETCATALOG_COMPILER_APPICON_NAME = AppIcon;
				CODE_SIGN_STYLE = Automatic;
				INFOPLIST_FILE = Shrdlu/Info.plist;
				LD_RUNPATH_SEARCH_PATHS = (
					"$(inherited)",
					"@executable_path/Frameworks",
				);
				PRODUCT_BUNDLE_IDENTIFIER = "edu.indiana.cs.c323-shpark92.Shrdlu";
				PRODUCT_NAME = Shrdlu;
				SWIFT_VERSION = 5.0;
				TARGETED_DEVICE_FAMILY = "1,2";
			};
			name = Release;
		};
/* End XCBuildConfiguration section */

/* Begin XCConfigurationList section */
		AC2FEEFF241837C600E97415 /* Build configuration list for PBXProject "Shrdlu" */ = {
			isa = XCConfigurationList;
			buildConfigurations = (
				AC2FEF16241837C700E97415 /* Debug */,
				AC2FEF17241837C700E97415 /* Release */,
			);
			defaultConfigurationIsVisible = 0;
			defaultConfigurationName = Release;
		};
		AC2FEF18241837C700E97415 /* Build configuration list for PBXNativeTarget "Shrdlu" */ = {
			isa = XCConfigurationList;
			buildConfigurations = (
				AC2FEF19241837C700E97415 /* Debug */,
				AC2FEF1A241837C700E97415 /* Release */,
			);
			defaultConfigurationIsVisible = 0;
			defaultConfigurationName = Release;
		};
/* End XCConfigurationList section */
	};
	rootObject = AC2FEEFC241837C600E97415 /* Project object */;
}
